// !$*UTF8*$!
{
	archiveVersion = 1;
	classes = {
	};
	objectVersion = 48;
	objects = {

/* Begin PBXBuildFile section */
		80B842423249AD31B29433F6 /* Pods_SamplePods.framework in Frameworks */ = {isa = PBXBuildFile; fileRef = A0D7972A5A0F82774FACBDA6 /* Pods_SamplePods.framework */; };
		DFACAF2A20F88448003AAD54 /* AppDelegate.swift in Sources */ = {isa = PBXBuildFile; fileRef = DFACAF2920F88448003AAD54 /* AppDelegate.swift */; };
		DFACAF2C20F88448003AAD54 /* ViewController.swift in Sources */ = {isa = PBXBuildFile; fileRef = DFACAF2B20F88448003AAD54 /* ViewController.swift */; };
		DFACAF2F20F88448003AAD54 /* Main.storyboard in Resources */ = {isa = PBXBuildFile; fileRef = DFACAF2D20F88448003AAD54 /* Main.storyboard */; };
		DFACAF3120F88448003AAD54 /* Assets.xcassets in Resources */ = {isa = PBXBuildFile; fileRef = DFACAF3020F88448003AAD54 /* Assets.xcassets */; };
		DFACAF3420F88448003AAD54 /* LaunchScreen.storyboard in Resources */ = {isa = PBXBuildFile; fileRef = DFACAF3220F88448003AAD54 /* LaunchScreen.storyboard */; };
/* End PBXBuildFile section */

/* Begin PBXFileReference section */
		097E16874428D5DE63D8D531 /* Pods-SamplePods.debug.xcconfig */ = {isa = PBXFileReference; includeInIndex = 1; lastKnownFileType = text.xcconfig; name = "Pods-SamplePods.debug.xcconfig"; path = "Pods/Target Support Files/Pods-SamplePods/Pods-SamplePods.debug.xcconfig"; sourceTree = "<group>"; };
		A0D7972A5A0F82774FACBDA6 /* Pods_SamplePods.framework */ = {isa = PBXFileReference; explicitFileType = wrapper.framework; includeInIndex = 0; path = Pods_SamplePods.framework; sourceTree = BUILT_PRODUCTS_DIR; };
		DFACAF2620F88448003AAD54 /* SamplePods.app */ = {isa = PBXFileReference; explicitFileType = wrapper.application; includeInIndex = 0; path = SamplePods.app; sourceTree = BUILT_PRODUCTS_DIR; };
		DFACAF2920F88448003AAD54 /* AppDelegate.swift */ = {isa = PBXFileReference; lastKnownFileType = sourcecode.swift; path = AppDelegate.swift; sourceTree = "<group>"; };
		DFACAF2B20F88448003AAD54 /* ViewController.swift */ = {isa = PBXFileReference; lastKnownFileType = sourcecode.swift; path = ViewController.swift; sourceTree = "<group>"; };
		DFACAF2E20F88448003AAD54 /* Base */ = {isa = PBXFileReference; lastKnownFileType = file.storyboard; name = Base; path = Base.lproj/Main.storyboard; sourceTree = "<group>"; };
		DFACAF3020F88448003AAD54 /* Assets.xcassets */ = {isa = PBXFileReference; lastKnownFileType = folder.assetcatalog; path = Assets.xcassets; sourceTree = "<group>"; };
		DFACAF3320F88448003AAD54 /* Base */ = {isa = PBXFileReference; lastKnownFileType = file.storyboard; name = Base; path = Base.lproj/LaunchScreen.storyboard; sourceTree = "<group>"; };
		DFACAF3520F88448003AAD54 /* Info.plist */ = {isa = PBXFileReference; lastKnownFileType = text.plist.xml; path = Info.plist; sourceTree = "<group>"; };
		F8323F136A5B70336FE0F0F2 /* Pods-SamplePods.release.xcconfig */ = {isa = PBXFileReference; includeInIndex = 1; lastKnownFileType = text.xcconfig; name = "Pods-SamplePods.release.xcconfig"; path = "Pods/Target Support Files/Pods-SamplePods/Pods-SamplePods.release.xcconfig"; sourceTree = "<group>"; };
/* End PBXFileReference section */

/* Begin PBXFrameworksBuildPhase section */
		DFACAF2320F88448003AAD54 /* Frameworks */ = {
			isa = PBXFrameworksBuildPhase;
			buildActionMask = 2147483647;
			files = (
				80B842423249AD31B29433F6 /* Pods_SamplePods.framework in Frameworks */,
			);
			runOnlyForDeploymentPostprocessing = 0;
		};
/* End PBXFrameworksBuildPhase section */

/* Begin PBXGroup section */
		5D223C0A9A837D2107B6FDA0 /* Pods */ = {
			isa = PBXGroup;
			children = (
				097E16874428D5DE63D8D531 /* Pods-SamplePods.debug.xcconfig */,
				F8323F136A5B70336FE0F0F2 /* Pods-SamplePods.release.xcconfig */,
			);
			name = Pods;
			sourceTree = "<group>";
		};
		C1E78EA3507E2CF352E4C7E3 /* Frameworks */ = {
			isa = PBXGroup;
			children = (
				A0D7972A5A0F82774FACBDA6 /* Pods_SamplePods.framework */,
			);
			name = Frameworks;
			sourceTree = "<group>";
		};
		DFACAF1D20F88448003AAD54 = {
			isa = PBXGroup;
			children = (
				DFACAF2820F88448003AAD54 /* SamplePods */,
				DFACAF2720F88448003AAD54 /* Products */,
				5D223C0A9A837D2107B6FDA0 /* Pods */,
				C1E78EA3507E2CF352E4C7E3 /* Frameworks */,
			);
			sourceTree = "<group>";
		};
		DFACAF2720F88448003AAD54 /* Products */ = {
			isa = PBXGroup;
			children = (
				DFACAF2620F88448003AAD54 /* SamplePods.app */,
			);
			name = Products;
			sourceTree = "<group>";
		};
		DFACAF2820F88448003AAD54 /* SamplePods */ = {
			isa = PBXGroup;
			children = (
				DFACAF2920F88448003AAD54 /* AppDelegate.swift */,
				DFACAF2B20F88448003AAD54 /* ViewController.swift */,
				DFACAF2D20F88448003AAD54 /* Main.storyboard */,
				DFACAF3020F88448003AAD54 /* Assets.xcassets */,
				DFACAF3220F88448003AAD54 /* LaunchScreen.storyboard */,
				DFACAF3520F88448003AAD54 /* Info.plist */,
			);
			path = SamplePods;
			sourceTree = "<group>";
		};
/* End PBXGroup section */

/* Begin PBXNativeTarget section */
		DFACAF2520F88448003AAD54 /* SamplePods */ = {
			isa = PBXNativeTarget;
			buildConfigurationList = DFACAF3820F88448003AAD54 /* Build configuration list for PBXNativeTarget "SamplePods" */;
			buildPhases = (
				5FE2F064E3C052B5AE14271B /* [CP] Check Pods Manifest.lock */,
				DFACAF2220F88448003AAD54 /* Sources */,
				DFACAF2320F88448003AAD54 /* Frameworks */,
				DFACAF2420F88448003AAD54 /* Resources */,
				4556549475273E19B124BCF1 /* [CP] Embed Pods Frameworks */,
			);
			buildRules = (
			);
			dependencies = (
			);
			name = SamplePods;
			productName = SamplePods;
			productReference = DFACAF2620F88448003AAD54 /* SamplePods.app */;
			productType = "com.apple.product-type.application";
		};
/* End PBXNativeTarget section */

/* Begin PBXProject section */
		DFACAF1E20F88448003AAD54 /* Project object */ = {
			isa = PBXProject;
			attributes = {
				LastSwiftUpdateCheck = 0910;
				LastUpgradeCheck = 0910;
				ORGANIZATIONNAME = Netwin;
				TargetAttributes = {
					DFACAF2520F88448003AAD54 = {
						CreatedOnToolsVersion = 9.1;
						ProvisioningStyle = Automatic;
					};
				};
			};
			buildConfigurationList = DFACAF2120F88448003AAD54 /* Build configuration list for PBXProject "SamplePods" */;
			compatibilityVersion = "Xcode 8.0";
			developmentRegion = en;
			hasScannedForEncodings = 0;
			knownRegions = (
				en,
				Base,
			);
			mainGroup = DFACAF1D20F88448003AAD54;
			productRefGroup = DFACAF2720F88448003AAD54 /* Products */;
			projectDirPath = "";
			projectRoot = "";
			targets = (
				DFACAF2520F88448003AAD54 /* SamplePods */,
			);
		};
/* End PBXProject section */

/* Begin PBXResourcesBuildPhase section */
		DFACAF2420F88448003AAD54 /* Resources */ = {
			isa = PBXResourcesBuildPhase;
			buildActionMask = 2147483647;
			files = (
				DFACAF3420F88448003AAD54 /* LaunchScreen.storyboard in Resources */,
				DFACAF3120F88448003AAD54 /* Assets.xcassets in Resources */,
				DFACAF2F20F88448003AAD54 /* Main.storyboard in Resources */,
			);
			runOnlyForDeploymentPostprocessing = 0;
		};
/* End PBXResourcesBuildPhase section */

/* Begin PBXShellScriptBuildPhase section */
		4556549475273E19B124BCF1 /* [CP] Embed Pods Frameworks */ = {
			isa = PBXShellScriptBuildPhase;
			buildActionMask = 2147483647;
			files = (
			);
			inputPaths = (
				"${SRCROOT}/Pods/Target Support Files/Pods-SamplePods/Pods-SamplePods-frameworks.sh",
				"${BUILT_PRODUCTS_DIR}/ActiveLabel/ActiveLabel.framework",
				"${BUILT_PRODUCTS_DIR}/Floaty/Floaty.framework",
			);
			name = "[CP] Embed Pods Frameworks";
			outputPaths = (
				"${TARGET_BUILD_DIR}/${FRAMEWORKS_FOLDER_PATH}/ActiveLabel.framework",
				"${TARGET_BUILD_DIR}/${FRAMEWORKS_FOLDER_PATH}/Floaty.framework",
			);
			runOnlyForDeploymentPostprocessing = 0;
			shellPath = /bin/sh;
			shellScript = "\"${SRCROOT}/Pods/Target Support Files/Pods-SamplePods/Pods-SamplePods-frameworks.sh\"\n";
			showEnvVarsInLog = 0;
		};
		5FE2F064E3C052B5AE14271B /* [CP] Check Pods Manifest.lock */ = {
			isa = PBXShellScriptBuildPhase;
			buildActionMask = 2147483647;
			files = (
			);
			inputPaths = (
				"${PODS_PODFILE_DIR_PATH}/Podfile.lock",
				"${PODS_ROOT}/Manifest.lock",
			);
			name = "[CP] Check Pods Manifest.lock";
			outputPaths = (
				"$(DERIVED_FILE_DIR)/Pods-SamplePods-checkManifestLockResult.txt",
			);
			runOnlyForDeploymentPostprocessing = 0;
			shellPath = /bin/sh;
			shellScript = "diff \"${PODS_PODFILE_DIR_PATH}/Podfile.lock\" \"${PODS_ROOT}/Manifest.lock\" > /dev/null\nif [ $? != 0 ] ; then\n    # print error to STDERR\n    echo \"error: The sandbox is not in sync with the Podfile.lock. Run 'pod install' or update your CocoaPods installation.\" >&2\n    exit 1\nfi\n# This output is used by Xcode 'outputs' to avoid re-running this script phase.\necho \"SUCCESS\" > \"${SCRIPT_OUTPUT_FILE_0}\"\n";
			showEnvVarsInLog = 0;
		};
/* End PBXShellScriptBuildPhase section */

/* Begin PBXSourcesBuildPhase section */
		DFACAF2220F88448003AAD54 /* Sources */ = {
			isa = PBXSourcesBuildPhase;
			buildActionMask = 2147483647;
			files = (
				DFACAF2C20F88448003AAD54 /* ViewController.swift in Sources */,
				DFACAF2A20F88448003AAD54 /* AppDelegate.swift in Sources */,
			);
			runOnlyForDeploymentPostprocessing = 0;
		};
/* End PBXSourcesBuildPhase section */

/* Begin PBXVariantGroup section */
		DFACAF2D20F88448003AAD54 /* Main.storyboard */ = {
			isa = PBXVariantGroup;
			children = (
				DFACAF2E20F88448003AAD54 /* Base */,
			);
			name = Main.storyboard;
			sourceTree = "<group>";
		};
		DFACAF3220F88448003AAD54 /* LaunchScreen.storyboard */ = {
			isa = PBXVariantGroup;
			children = (
				DFACAF3320F88448003AAD54 /* Base */,
			);
			name = LaunchScreen.storyboard;
			sourceTree = "<group>";
		};
/* End PBXVariantGroup section */

/* Begin XCBuildConfiguration section */
		DFACAF3620F88448003AAD54 /* Debug */ = {
			isa = XCBuildConfiguration;
			buildSettings = {
				ALWAYS_SEARCH_USER_PATHS = NO;
				CLANG_ANALYZER_NONNULL = YES;
				CLANG_ANALYZER_NUMBER_OBJECT_CONVERSION = YES_AGGRESSIVE;
				CLANG_CXX_LANGUAGE_STANDARD = "gnu++14";
				CLANG_CXX_LIBRARY = "libc++";
				CLANG_ENABLE_MODULES = YES;
				CLANG_ENABLE_OBJC_ARC = YES;
				CLANG_WARN_BLOCK_CAPTURE_AUTORELEASING = YES;
				CLANG_WARN_BOOL_CONVERSION = YES;
				CLANG_WARN_COMMA = YES;
				CLANG_WARN_CONSTANT_CONVERSION = YES;
				CLANG_WARN_DIRECT_OBJC_ISA_USAGE = YES_ERROR;
				CLANG_WARN_DOCUMENTATION_COMMENTS = YES;
				CLANG_WARN_EMPTY_BODY = YES;
				CLANG_WARN_ENUM_CONVERSION = YES;
				CLANG_WARN_INFINITE_RECURSION = YES;
				CLANG_WARN_INT_CONVERSION = YES;
				CLANG_WARN_NON_LITERAL_NULL_CONVERSION = YES;
				CLANG_WARN_OBJC_LITERAL_CONVERSION = YES;
				CLANG_WARN_OBJC_ROOT_CLASS = YES_ERROR;
				CLANG_WARN_RANGE_LOOP_ANALYSIS = YES;
				CLANG_WARN_STRICT_PROTOTYPES = YES;
				CLANG_WARN_SUSPICIOUS_MOVE = YES;
				CLANG_WARN_UNGUARDED_AVAILABILITY = YES_AGGRESSIVE;
				CLANG_WARN_UNREACHABLE_CODE = YES;
				CLANG_WARN__DUPLICATE_METHOD_MATCH = YES;
				CODE_SIGN_IDENTITY = "iPhone Developer";
				COPY_PHASE_STRIP = NO;
				DEBUG_INFORMATION_FORMAT = dwarf;
				ENABLE_STRICT_OBJC_MSGSEND = YES;
				ENABLE_TESTABILITY = YES;
				GCC_C_LANGUAGE_STANDARD = gnu11;
				GCC_DYNAMIC_NO_PIC = NO;
				GCC_NO_COMMON_BLOCKS = YES;
				GCC_OPTIMIZATION_LEVEL = 0;
				GCC_PREPROCESSOR_DEFINITIONS = (
					"DEBUG=1",
					"$(inherited)",
				);
				GCC_WARN_64_TO_32_BIT_CONVERSION = YES;
				GCC_WARN_ABOUT_RETURN_TYPE = YES_ERROR;
				GCC_WARN_UNDECLARED_SELECTOR = YES;
				GCC_WARN_UNINITIALIZED_AUTOS = YES_AGGRESSIVE;
				GCC_WARN_UNUSED_FUNCTION = YES;
				GCC_WARN_UNUSED_VARIABLE = YES;
				IPHONEOS_DEPLOYMENT_TARGET = 11.1;
				MTL_ENABLE_DEBUG_INFO = YES;
				ONLY_ACTIVE_ARCH = YES;
				SDKROOT = iphoneos;
				SWIFT_ACTIVE_COMPILATION_CONDITIONS = DEBUG;
				SWIFT_OPTIMIZATION_LEVEL = "-Onone";
			};
			name = Debug;
		};
		DFACAF3720F88448003AAD54 /* Release */ = {
			isa = XCBuildConfiguration;
			buildSettings = {
				ALWAYS_SEARCH_USER_PATHS = NO;
				CLANG_ANALYZER_NONNULL = YES;
				CLANG_ANALYZER_NUMBER_OBJECT_CONVERSION = YES_AGGRESSIVE;
				CLANG_CXX_LANGUAGE_STANDARD = "gnu++14";
				CLANG_CXX_LIBRARY = "libc++";
				CLANG_ENABLE_MODULES = YES;
				CLANG_ENABLE_OBJC_ARC = YES;
				CLANG_WARN_BLOCK_CAPTURE_AUTORELEASING = YES;
				CLANG_WARN_BOOL_CONVERSION = YES;
				CLANG_WARN_COMMA = YES;
				CLANG_WARN_CONSTANT_CONVERSION = YES;
				CLANG_WARN_DIRECT_OBJC_ISA_USAGE = YES_ERROR;
				CLANG_WARN_DOCUMENTATION_COMMENTS = YES;
				CLANG_WARN_EMPTY_BODY = YES;
				CLANG_WARN_ENUM_CONVERSION = YES;
				CLANG_WARN_INFINITE_RECURSION = YES;
				CLANG_WARN_INT_CONVERSION = YES;
				CLANG_WARN_NON_LITERAL_NULL_CONVERSION = YES;
				CLANG_WARN_OBJC_LITERAL_CONVERSION = YES;
				CLANG_WARN_OBJC_ROOT_CLASS = YES_ERROR;
				CLANG_WARN_RANGE_LOOP_ANALYSIS = YES;
				CLANG_WARN_STRICT_PROTOTYPES = YES;
				CLANG_WARN_SUSPICIOUS_MOVE = YES;
				CLANG_WARN_UNGUARDED_AVAILABILITY = YES_AGGRESSIVE;
				CLANG_WARN_UNREACHABLE_CODE = YES;
				CLANG_WARN__DUPLICATE_METHOD_MATCH = YES;
				CODE_SIGN_IDENTITY = "iPhone Developer";
				COPY_PHASE_STRIP = NO;
				DEBUG_INFORMATION_FORMAT = "dwarf-with-dsym";
				ENABLE_NS_ASSERTIONS = NO;
				ENABLE_STRICT_OBJC_MSGSEND = YES;
				GCC_C_LANGUAGE_STANDARD = gnu11;
				GCC_NO_COMMON_BLOCKS = YES;
				GCC_WARN_64_TO_32_BIT_CONVERSION = YES;
				GCC_WARN_ABOUT_RETURN_TYPE = YES_ERROR;
				GCC_WARN_UNDECLARED_SELECTOR = YES;
				GCC_WARN_UNINITIALIZED_AUTOS = YES_AGGRESSIVE;
				GCC_WARN_UNUSED_FUNCTION = YES;
				GCC_WARN_UNUSED_VARIABLE = YES;
				IPHONEOS_DEPLOYMENT_TARGET = 11.1;
				MTL_ENABLE_DEBUG_INFO = NO;
				SDKROOT = iphoneos;
				SWIFT_OPTIMIZATION_LEVEL = "-Owholemodule";
				VALIDATE_PRODUCT = YES;
			};
			name = Release;
		};
		DFACAF3920F88448003AAD54 /* Debug */ = {
			isa = XCBuildConfiguration;
			baseConfigurationReference = 097E16874428D5DE63D8D531 /* Pods-SamplePods.debug.xcconfig */;
			buildSettings = {
				ASSETCATALOG_COMPILER_APPICON_NAME = AppIcon;
				CODE_SIGN_STYLE = Automatic;
				INFOPLIST_FILE = SamplePods/Info.plist;
				LD_RUNPATH_SEARCH_PATHS = "$(inherited) @executable_path/Frameworks";
				PRODUCT_BUNDLE_IDENTIFIER = com.netwin.SamplePods;
				PRODUCT_NAME = "$(TARGET_NAME)";
				SWIFT_VERSION = 4.0;
				TARGETED_DEVICE_FAMILY = "1,2";
			};
			name = Debug;
		};
		DFACAF3A20F88448003AAD54 /* Release */ = {
			isa = XCBuildConfiguration;
			baseConfigurationReference = F8323F136A5B70336FE0F0F2 /* Pods-SamplePods.release.xcconfig */;
			buildSettings = {
				ASSETCATALOG_COMPILER_APPICON_NAME = AppIcon;
				CODE_SIGN_STYLE = Automatic;
				INFOPLIST_FILE = SamplePods/Info.plist;
				LD_RUNPATH_SEARCH_PATHS = "$(inherited) @executable_path/Frameworks";
				PRODUCT_BUNDLE_IDENTIFIER = com.netwin.SamplePods;
				PRODUCT_NAME = "$(TARGET_NAME)";
				SWIFT_VERSION = 4.0;
				TARGETED_DEVICE_FAMILY = "1,2";
			};
			name = Release;
		};
/* End XCBuildConfiguration section */

/* Begin XCConfigurationList section */
		DFACAF2120F88448003AAD54 /* Build configuration list for PBXProject "SamplePods" */ = {
			isa = XCConfigurationList;
			buildConfigurations = (
				DFACAF3620F88448003AAD54 /* Debug */,
				DFACAF3720F88448003AAD54 /* Release */,
			);
			defaultConfigurationIsVisible = 0;
			defaultConfigurationName = Release;
		};
		DFACAF3820F88448003AAD54 /* Build configuration list for PBXNativeTarget "SamplePods" */ = {
			isa = XCConfigurationList;
			buildConfigurations = (
				DFACAF3920F88448003AAD54 /* Debug */,
				DFACAF3A20F88448003AAD54 /* Release */,
			);
			defaultConfigurationIsVisible = 0;
			defaultConfigurationName = Release;
		};
/* End XCConfigurationList section */
	};
	rootObject = DFACAF1E20F88448003AAD54 /* Project object */;
}
